{
  "name": "metro-samples",
  "version": "unspecified",
  "lockfileVersion": 3,
  "requires": true,
  "packages": {
    "": {
      "name": "metro-samples",
      "version": "unspecified",
      "workspaces": [
        "packages/counterApp",
        "packages/counterApp-test",
        "packages/metro-samples-integration-tests",
        "packages/metro-samples-integration-tests-test",
        "packages_imported/skiko-wasm-js/0.9.37-4",
        "packages_imported/skiko-js-wasm-runtime/0.9.37-4",
        "packages_imported/Kotlin-DateTime-library-kotlinx-datetime-wasm-js/0.7.1",
        "packages_imported/metro-runtime-wasmjs/0.12.0-SNAPSHOT"
      ],
      "devDependencies": {}
    },
    "node_modules/@js-joda/core": {
      "version": "3.2.0",
      "resolved": "https://registry.npmjs.org/@js-joda/core/-/core-3.2.0.tgz",
      "integrity": "sha512-PMqgJ0sw5B7FKb2d5bWYIoxjri+QlW/Pys7+Rw82jSH0QN3rB05jZ/VrrsUdh1w4+i2kw9JOejXGq/KhDOX7Kg==",
      "license": "BSD-3-Clause"
    },
    "node_modules/counterApp": {
      "resolved": "packages/counterApp",
      "link": true
    },
    "node_modules/counterApp-test": {
      "resolved": "packages/counterApp-test",
      "link": true
    },
    "node_modules/Kotlin-DateTime-library-kotlinx-datetime-wasm-js": {
      "resolved": "packages_imported/Kotlin-DateTime-library-kotlinx-datetime-wasm-js/0.7.1",
      "link": true
    },
    "node_modules/metro-runtime-wasmjs": {
      "resolved": "packages_imported/metro-runtime-wasmjs/0.12.0-SNAPSHOT",
      "link": true
    },
    "node_modules/metro-samples-integration-tests": {
      "resolved": "packages/metro-samples-integration-tests",
      "link": true
    },
    "node_modules/metro-samples-integration-tests-test": {
      "resolved": "packages/metro-samples-integration-tests-test",
      "link": true
    },
    "node_modules/skiko-js-wasm-runtime": {
      "resolved": "packages_imported/skiko-js-wasm-runtime/0.9.37-4",
      "link": true
    },
    "node_modules/skiko-wasm-js": {
      "resolved": "packages_imported/skiko-wasm-js/0.9.37-4",
      "link": true
    },
    "packages_imported/Kotlin-DateTime-library-kotlinx-datetime-wasm-js/0.7.1": {
      "name": "Kotlin-DateTime-library-kotlinx-datetime-wasm-js",
      "version": "0.7.1",
      "dependencies": {
        "@js-joda/core": "3.2.0"
      },
      "devDependencies": {}
    },
    "packages_imported/metro-runtime-wasmjs/0.12.0-SNAPSHOT": {
      "name": "metro-runtime-wasmjs",
      "version": "0.12.0-SNAPSHOT",
      "devDependencies": {}
    },
    "packages_imported/skiko-js-wasm-runtime/0.9.37-4": {
      "name": "skiko-js-wasm-runtime",
      "version": "0.9.37-4",
      "devDependencies": {}
    },
    "packages_imported/skiko-wasm-js/0.9.37-4": {
      "name": "skiko-wasm-js",
      "version": "0.9.37-4",
      "devDependencies": {}
    },
    "packages/counterApp": {
      "version": "0.0.0-unspecified",
      "dependencies": {
        "@js-joda/core": "3.2.0"
      },
      "devDependencies": {}
    },
    "packages/counterApp-test": {
      "version": "0.0.0-unspecified",
      "dependencies": {
        "@js-joda/core": "3.2.0"
      },
      "devDependencies": {}
    },
    "packages/metro-samples-integration-tests": {
      "version": "0.0.0-unspecified",
      "devDependencies": {}
    },
    "packages/metro-samples-integration-tests-test": {
      "version": "0.0.0-unspecified",
      "devDependencies": {}
    }
  }
}
