{
  "name": "metro",
  "version": "unspecified",
  "lockfileVersion": 3,
  "requires": true,
  "packages": {
    "": {
      "name": "metro",
      "version": "unspecified",
      "workspaces": [
        "packages/metro-runtime",
        "packages/metro-runtime-test",
        "packages/metro-metrox-viewmodel",
        "packages/metro-metrox-viewmodel-test",
        "packages/metro-metrox-viewmodel-compose",
        "packages/metro-metrox-viewmodel-compose-test",
        "packages_imported/skiko-wasm-js/0.9.37-4",
        "packages_imported/skiko-js-wasm-runtime/0.9.37-4"
      ],
      "devDependencies": {}
    },
    "node_modules/metro-metrox-viewmodel": {
      "resolved": "packages/metro-metrox-viewmodel",
      "link": true
    },
    "node_modules/metro-metrox-viewmodel-compose": {
      "resolved": "packages/metro-metrox-viewmodel-compose",
      "link": true
    },
    "node_modules/metro-metrox-viewmodel-compose-test": {
      "resolved": "packages/metro-metrox-viewmodel-compose-test",
      "link": true
    },
    "node_modules/metro-metrox-viewmodel-test": {
      "resolved": "packages/metro-metrox-viewmodel-test",
      "link": true
    },
    "node_modules/metro-runtime": {
      "resolved": "packages/metro-runtime",
      "link": true
    },
    "node_modules/metro-runtime-test": {
      "resolved": "packages/metro-runtime-test",
      "link": true
    },
    "node_modules/skiko-js-wasm-runtime": {
      "resolved": "packages_imported/skiko-js-wasm-runtime/0.9.37-4",
      "link": true
    },
    "node_modules/skiko-wasm-js": {
      "resolved": "packages_imported/skiko-wasm-js/0.9.37-4",
      "link": true
    },
    "packages_imported/skiko-js-wasm-runtime/0.9.37-4": {
      "name": "skiko-js-wasm-runtime",
      "version": "0.9.37-4",
      "devDependencies": {}
    },
    "packages_imported/skiko-wasm-js/0.9.37-4": {
      "name": "skiko-wasm-js",
      "version": "0.9.37-4",
      "devDependencies": {}
    },
    "packages/metro-metrox-viewmodel": {
      "version": "0.12.0-SNAPSHOT",
      "devDependencies": {}
    },
    "packages/metro-metrox-viewmodel-compose": {
      "version": "0.12.0-SNAPSHOT",
      "devDependencies": {}
    },
    "packages/metro-metrox-viewmodel-compose-test": {
      "version": "0.12.0-SNAPSHOT",
      "devDependencies": {}
    },
    "packages/metro-metrox-viewmodel-test": {
      "version": "0.12.0-SNAPSHOT",
      "devDependencies": {}
    },
    "packages/metro-runtime": {
      "version": "0.12.0-SNAPSHOT",
      "devDependencies": {}
    },
    "packages/metro-runtime-test": {
      "version": "0.12.0-SNAPSHOT",
      "devDependencies": {}
    }
  }
}
