{
  "name": "metro",
  "version": "unspecified",
  "lockfileVersion": 3,
  "requires": true,
  "packages": {
    "": {
      "name": "metro",
      "version": "unspecified",
      "workspaces": [
        "packages/metro-runtime-wasmjs",
        "packages/metro-runtime-wasmjs-test",
        "packages/metrox-viewmodel-wasmjs",
        "packages/metrox-viewmodel-wasmjs-test",
        "packages/metrox-viewmodel-compose-wasmjs",
        "packages/metrox-viewmodel-compose-wasmjs-test",
        "packages_imported/skiko-wasm-js/0.9.37-4",
        "packages_imported/skiko-js-wasm-runtime/0.9.37-4"
      ],
      "devDependencies": {}
    },
    "node_modules/metro-runtime-wasmjs": {
      "resolved": "packages/metro-runtime-wasmjs",
      "link": true
    },
    "node_modules/metro-runtime-wasmjs-test": {
      "resolved": "packages/metro-runtime-wasmjs-test",
      "link": true
    },
    "node_modules/metrox-viewmodel-compose-wasmjs": {
      "resolved": "packages/metrox-viewmodel-compose-wasmjs",
      "link": true
    },
    "node_modules/metrox-viewmodel-compose-wasmjs-test": {
      "resolved": "packages/metrox-viewmodel-compose-wasmjs-test",
      "link": true
    },
    "node_modules/metrox-viewmodel-wasmjs": {
      "resolved": "packages/metrox-viewmodel-wasmjs",
      "link": true
    },
    "node_modules/metrox-viewmodel-wasmjs-test": {
      "resolved": "packages/metrox-viewmodel-wasmjs-test",
      "link": true
    },
    "node_modules/skiko-js-wasm-runtime": {
      "resolved": "packages_imported/skiko-js-wasm-runtime/0.9.37-4",
      "link": true
    },
    "node_modules/skiko-wasm-js": {
      "resolved": "packages_imported/skiko-wasm-js/0.9.37-4",
      "link": true
    },
    "packages_imported/skiko-js-wasm-runtime/0.9.37-4": {
      "name": "skiko-js-wasm-runtime",
      "version": "0.9.37-4",
      "devDependencies": {}
    },
    "packages_imported/skiko-wasm-js/0.9.37-4": {
      "name": "skiko-wasm-js",
      "version": "0.9.37-4",
      "devDependencies": {}
    },
    "packages/metro-runtime-wasmjs": {
      "version": "0.12.0-SNAPSHOT",
      "devDependencies": {}
    },
    "packages/metro-runtime-wasmjs-test": {
      "version": "0.12.0-SNAPSHOT",
      "devDependencies": {}
    },
    "packages/metrox-viewmodel-compose-wasmjs": {
      "version": "0.12.0-SNAPSHOT",
      "devDependencies": {}
    },
    "packages/metrox-viewmodel-compose-wasmjs-test": {
      "version": "0.12.0-SNAPSHOT",
      "devDependencies": {}
    },
    "packages/metrox-viewmodel-wasmjs": {
      "version": "0.12.0-SNAPSHOT",
      "devDependencies": {}
    },
    "packages/metrox-viewmodel-wasmjs-test": {
      "version": "0.12.0-SNAPSHOT",
      "devDependencies": {}
    }
  }
}
